
Microsoft Visual Studio Solution File, Format Version 12.00
# Visual Studio 14
VisualStudioVersion = 14.0.25420.1
MinimumVisualStudioVersion = 10.0.40219.1
Project("{FAE04EC0-301F-11D3-BF4B-00C04F79EFBC}") = "Win.Transportes", "Win.Transportes.csproj", "{9A737E86-78B0-4C78-AAA3-0F6E3AB33DD8}"
EndProject
Project("{FAE04EC0-301F-11D3-BF4B-00C04F79EFBC}") = "BL.Transportes", "..\BL.Transportes\BL.Transportes.csproj", "{1C9D4C45-FB90-4B62-90A0-9128664709A3}"
EndProject
Global
	GlobalSection(SolutionConfigurationPlatforms) = preSolution
		Debug|Any CPU = Debug|Any CPU
		Release|Any CPU = Release|Any CPU
	EndGlobalSection
	GlobalSection(ProjectConfigurationPlatforms) = postSolution
		{9A737E86-78B0-4C78-AAA3-0F6E3AB33DD8}.Debug|Any CPU.ActiveCfg = Debug|Any CPU
		{9A737E86-78B0-4C78-AAA3-0F6E3AB33DD8}.Debug|Any CPU.Build.0 = Debug|Any CPU
		{9A737E86-78B0-4C78-AAA3-0F6E3AB33DD8}.Release|Any CPU.ActiveCfg = Release|Any CPU
		{9A737E86-78B0-4C78-AAA3-0F6E3AB33DD8}.Release|Any CPU.Build.0 = Release|Any CPU
		{1C9D4C45-FB90-4B62-90A0-9128664709A3}.Debug|Any CPU.ActiveCfg = Debug|Any CPU
		{1C9D4C45-FB90-4B62-90A0-9128664709A3}.Debug|Any CPU.Build.0 = Debug|Any CPU
		{1C9D4C45-FB90-4B62-90A0-9128664709A3}.Release|Any CPU.ActiveCfg = Release|Any CPU
		{1C9D4C45-FB90-4B62-90A0-9128664709A3}.Release|Any CPU.Build.0 = Release|Any CPU
	EndGlobalSection
	GlobalSection(SolutionProperties) = preSolution
		HideSolutionNode = FALSE
	EndGlobalSection
EndGlobal
